
Microsoft Visual Studio Solution File, Format Version 12.00
# Visual Studio Version 17
VisualStudioVersion = 17.9.34622.214
MinimumVisualStudioVersion = 10.0.40219.1
Project("{FAE04EC0-301F-11D3-BF4B-00C04F79EFBC}") = "SmartHomeManagement", "SmartHomeManagement\SmartHomeManagement.csproj", "{7B70B447-2718-4EE4-8BCD-65831ABE91B2}"
EndProject
Global
	GlobalSection(SolutionConfigurationPlatforms) = preSolution
		Debug|Any CPU = Debug|Any CPU
		Release|Any CPU = Release|Any CPU
	EndGlobalSection
	GlobalSection(ProjectConfigurationPlatforms) = postSolution
		{7B70B447-2718-4EE4-8BCD-65831ABE91B2}.Debug|Any CPU.ActiveCfg = Debug|Any CPU
		{7B70B447-2718-4EE4-8BCD-65831ABE91B2}.Debug|Any CPU.Build.0 = Debug|Any CPU
		{7B70B447-2718-4EE4-8BCD-65831ABE91B2}.Release|Any CPU.ActiveCfg = Release|Any CPU
		{7B70B447-2718-4EE4-8BCD-65831ABE91B2}.Release|Any CPU.Build.0 = Release|Any CPU
	EndGlobalSection
	GlobalSection(SolutionProperties) = preSolution
		HideSolutionNode = FALSE
	EndGlobalSection
	GlobalSection(ExtensibilityGlobals) = postSolution
		SolutionGuid = {F3DBF8F4-C373-465D-A433-F6A164C1046D}
	EndGlobalSection
EndGlobal
